
Microsoft Visual Studio Solution File, Format Version 12.00
# Visual Studio Version 16
VisualStudioVersion = 16.0.29209.62
MinimumVisualStudioVersion = 10.0.40219.1
Project("{FAE04EC0-301F-11D3-BF4B-00C04F79EFBC}") = "Caso Propuesto2", "Caso Propuesto2\Caso Propuesto2.csproj", "{7D72703A-2157-4C13-9032-CEF8BD9FA56F}"
EndProject
Global
	GlobalSection(SolutionConfigurationPlatforms) = preSolution
		Debug|Any CPU = Debug|Any CPU
		Release|Any CPU = Release|Any CPU
	EndGlobalSection
	GlobalSection(ProjectConfigurationPlatforms) = postSolution
		{7D72703A-2157-4C13-9032-CEF8BD9FA56F}.Debug|Any CPU.ActiveCfg = Debug|Any CPU
		{7D72703A-2157-4C13-9032-CEF8BD9FA56F}.Debug|Any CPU.Build.0 = Debug|Any CPU
		{7D72703A-2157-4C13-9032-CEF8BD9FA56F}.Release|Any CPU.ActiveCfg = Release|Any CPU
		{7D72703A-2157-4C13-9032-CEF8BD9FA56F}.Release|Any CPU.Build.0 = Release|Any CPU
	EndGlobalSection
	GlobalSection(SolutionProperties) = preSolution
		HideSolutionNode = FALSE
	EndGlobalSection
	GlobalSection(ExtensibilityGlobals) = postSolution
		SolutionGuid = {256619EE-5D1C-4571-B119-E9281FD808D4}
	EndGlobalSection
EndGlobal
